
Microsoft Visual Studio Solution File, Format Version 12.00
# Visual Studio Version 16
VisualStudioVersion = 16.0.33927.289
MinimumVisualStudioVersion = 10.0.40219.1
Project("{FAE04EC0-301F-11D3-BF4B-00C04F79EFBC}") = "18. Constructors", "18. Constructors\18. Constructors.csproj", "{7F802802-C4C6-443F-B17D-F4210B97DDE0}"
EndProject
Global
	GlobalSection(SolutionConfigurationPlatforms) = preSolution
		Debug|Any CPU = Debug|Any CPU
		Release|Any CPU = Release|Any CPU
	EndGlobalSection
	GlobalSection(ProjectConfigurationPlatforms) = postSolution
		{7F802802-C4C6-443F-B17D-F4210B97DDE0}.Debug|Any CPU.ActiveCfg = Debug|Any CPU
		{7F802802-C4C6-443F-B17D-F4210B97DDE0}.Debug|Any CPU.Build.0 = Debug|Any CPU
		{7F802802-C4C6-443F-B17D-F4210B97DDE0}.Release|Any CPU.ActiveCfg = Release|Any CPU
		{7F802802-C4C6-443F-B17D-F4210B97DDE0}.Release|Any CPU.Build.0 = Release|Any CPU
	EndGlobalSection
	GlobalSection(SolutionProperties) = preSolution
		HideSolutionNode = FALSE
	EndGlobalSection
	GlobalSection(ExtensibilityGlobals) = postSolution
		SolutionGuid = {C0AA446E-279B-40C3-B1E0-3B3BA720ED17}
	EndGlobalSection
EndGlobal
